
Microsoft Visual Studio Solution File, Format Version 12.00
# Visual Studio Version 17
VisualStudioVersion = 17.10.34916.146
MinimumVisualStudioVersion = 10.0.40219.1
Project("{9A19103F-16F7-4668-BE54-9A1E7A4F7556}") = "Piramide", "Nivelamento\Piramide.csproj", "{82FC0A3B-D16C-45E0-B282-A1365ED1C977}"
EndProject
Project("{9A19103F-16F7-4668-BE54-9A1E7A4F7556}") = "Vertice", "Vertice\Vertice.csproj", "{A44324D8-6351-4F83-B189-CED0DD084C3A}"
EndProject
Project("{9A19103F-16F7-4668-BE54-9A1E7A4F7556}") = "Triangulo", "Triangulo\Triangulo.csproj", "{0BF0A335-8ED1-4AB7-9864-7B4A88E207D5}"
EndProject
Project("{9A19103F-16F7-4668-BE54-9A1E7A4F7556}") = "Poligono", "Poligono\Poligono.csproj", "{C6C8F9B5-5DE8-4726-A177-9F765F94BA4F}"
EndProject
Project("{9A19103F-16F7-4668-BE54-9A1E7A4F7556}") = "Intervalo", "Intervalo\Intervalo.csproj", "{8E939B2F-DB11-40B2-9686-0F0C1EA2D14B}"
EndProject
Project("{9A19103F-16F7-4668-BE54-9A1E7A4F7556}") = "ListaIntervalo", "ListaIntervalo\ListaIntervalo.csproj", "{DD9291FA-EFB1-451C-A185-D044405EF374}"
	ProjectSection(ProjectDependencies) = postProject
		{8E939B2F-DB11-40B2-9686-0F0C1EA2D14B} = {8E939B2F-DB11-40B2-9686-0F0C1EA2D14B}
	EndProjectSection
EndProject
Project("{FAE04EC0-301F-11D3-BF4B-00C04F79EFBC}") = "Armstrong", "ExtensaoInteiros\Armstrong.csproj", "{20674DEF-EDAF-4873-85B0-2E6F3C75F74C}"
EndProject
Global
	GlobalSection(SolutionConfigurationPlatforms) = preSolution
		Debug|Any CPU = Debug|Any CPU
		Release|Any CPU = Release|Any CPU
	EndGlobalSection
	GlobalSection(ProjectConfigurationPlatforms) = postSolution
		{82FC0A3B-D16C-45E0-B282-A1365ED1C977}.Debug|Any CPU.ActiveCfg = Debug|Any CPU
		{82FC0A3B-D16C-45E0-B282-A1365ED1C977}.Debug|Any CPU.Build.0 = Debug|Any CPU
		{82FC0A3B-D16C-45E0-B282-A1365ED1C977}.Release|Any CPU.ActiveCfg = Release|Any CPU
		{82FC0A3B-D16C-45E0-B282-A1365ED1C977}.Release|Any CPU.Build.0 = Release|Any CPU
		{A44324D8-6351-4F83-B189-CED0DD084C3A}.Debug|Any CPU.ActiveCfg = Debug|Any CPU
		{A44324D8-6351-4F83-B189-CED0DD084C3A}.Debug|Any CPU.Build.0 = Debug|Any CPU
		{A44324D8-6351-4F83-B189-CED0DD084C3A}.Release|Any CPU.ActiveCfg = Release|Any CPU
		{A44324D8-6351-4F83-B189-CED0DD084C3A}.Release|Any CPU.Build.0 = Release|Any CPU
		{0BF0A335-8ED1-4AB7-9864-7B4A88E207D5}.Debug|Any CPU.ActiveCfg = Debug|Any CPU
		{0BF0A335-8ED1-4AB7-9864-7B4A88E207D5}.Debug|Any CPU.Build.0 = Debug|Any CPU
		{0BF0A335-8ED1-4AB7-9864-7B4A88E207D5}.Release|Any CPU.ActiveCfg = Release|Any CPU
		{0BF0A335-8ED1-4AB7-9864-7B4A88E207D5}.Release|Any CPU.Build.0 = Release|Any CPU
		{C6C8F9B5-5DE8-4726-A177-9F765F94BA4F}.Debug|Any CPU.ActiveCfg = Debug|Any CPU
		{C6C8F9B5-5DE8-4726-A177-9F765F94BA4F}.Debug|Any CPU.Build.0 = Debug|Any CPU
		{C6C8F9B5-5DE8-4726-A177-9F765F94BA4F}.Release|Any CPU.ActiveCfg = Release|Any CPU
		{C6C8F9B5-5DE8-4726-A177-9F765F94BA4F}.Release|Any CPU.Build.0 = Release|Any CPU
		{8E939B2F-DB11-40B2-9686-0F0C1EA2D14B}.Debug|Any CPU.ActiveCfg = Debug|Any CPU
		{8E939B2F-DB11-40B2-9686-0F0C1EA2D14B}.Debug|Any CPU.Build.0 = Debug|Any CPU
		{8E939B2F-DB11-40B2-9686-0F0C1EA2D14B}.Release|Any CPU.ActiveCfg = Release|Any CPU
		{8E939B2F-DB11-40B2-9686-0F0C1EA2D14B}.Release|Any CPU.Build.0 = Release|Any CPU
		{DD9291FA-EFB1-451C-A185-D044405EF374}.Debug|Any CPU.ActiveCfg = Debug|Any CPU
		{DD9291FA-EFB1-451C-A185-D044405EF374}.Debug|Any CPU.Build.0 = Debug|Any CPU
		{DD9291FA-EFB1-451C-A185-D044405EF374}.Release|Any CPU.ActiveCfg = Release|Any CPU
		{DD9291FA-EFB1-451C-A185-D044405EF374}.Release|Any CPU.Build.0 = Release|Any CPU
		{20674DEF-EDAF-4873-85B0-2E6F3C75F74C}.Debug|Any CPU.ActiveCfg = Debug|Any CPU
		{20674DEF-EDAF-4873-85B0-2E6F3C75F74C}.Debug|Any CPU.Build.0 = Debug|Any CPU
		{20674DEF-EDAF-4873-85B0-2E6F3C75F74C}.Release|Any CPU.ActiveCfg = Release|Any CPU
		{20674DEF-EDAF-4873-85B0-2E6F3C75F74C}.Release|Any CPU.Build.0 = Release|Any CPU
	EndGlobalSection
	GlobalSection(SolutionProperties) = preSolution
		HideSolutionNode = FALSE
	EndGlobalSection
	GlobalSection(ExtensibilityGlobals) = postSolution
		SolutionGuid = {6460FCA6-CD69-41B5-8D28-2A2F58479D14}
	EndGlobalSection
EndGlobal
